
Microsoft Visual Studio Solution File, Format Version 12.00
# Visual Studio Version 17
VisualStudioVersion = 17.11.35312.102
MinimumVisualStudioVersion = 10.0.40219.1
Project("{FAE04EC0-301F-11D3-BF4B-00C04F79EFBC}") = "E-commerce_website", "E-commerce_website\E-commerce_website.csproj", "{E244A272-E435-4C42-BAF9-446ACAB21935}"
EndProject
Global
	GlobalSection(SolutionConfigurationPlatforms) = preSolution
		Debug|Any CPU = Debug|Any CPU
		Release|Any CPU = Release|Any CPU
	EndGlobalSection
	GlobalSection(ProjectConfigurationPlatforms) = postSolution
		{E244A272-E435-4C42-BAF9-446ACAB21935}.Debug|Any CPU.ActiveCfg = Debug|Any CPU
		{E244A272-E435-4C42-BAF9-446ACAB21935}.Debug|Any CPU.Build.0 = Debug|Any CPU
		{E244A272-E435-4C42-BAF9-446ACAB21935}.Release|Any CPU.ActiveCfg = Release|Any CPU
		{E244A272-E435-4C42-BAF9-446ACAB21935}.Release|Any CPU.Build.0 = Release|Any CPU
	EndGlobalSection
	GlobalSection(SolutionProperties) = preSolution
		HideSolutionNode = FALSE
	EndGlobalSection
	GlobalSection(ExtensibilityGlobals) = postSolution
		SolutionGuid = {41B15154-7A5B-4D54-8918-6A8A5A63B25E}
	EndGlobalSection
EndGlobal
